{
  "dependencies": {
    "async": {
      "version": "1.5.0"
    },
    "eveonlinejs": {
      "version": "https://github.com/eve-apps/eveonlinejs/archive/49bfb0e232c8a69a1c902d7b3c3da15b11468c16.tar.gz",
      "dependencies": {
        "sax": {
          "version": "0.4.3"
        }
      }
    },
    "serialize-error": {
      "version": "1.0.0"
    }
  }
}
